
Microsoft Visual Studio Solution File, Format Version 12.00
# Visual Studio Version 17
VisualStudioVersion = 17.6.33829.357
MinimumVisualStudioVersion = 10.0.40219.1
Project("{FAE04EC0-301F-11D3-BF4B-00C04F79EFBC}") = "presentacion", "presentacion\presentacion.csproj", "{5487165B-BDBB-4FE7-A198-944450990CBF}"
EndProject
Project("{FAE04EC0-301F-11D3-BF4B-00C04F79EFBC}") = "dominio", "dominio\dominio.csproj", "{F233AF77-C8D5-4955-93CA-345E70286AAA}"
EndProject
Project("{FAE04EC0-301F-11D3-BF4B-00C04F79EFBC}") = "negocio", "negocio\negocio.csproj", "{C6E367F7-36B0-48C0-B66F-667D930A6F09}"
EndProject
Global
	GlobalSection(SolutionConfigurationPlatforms) = preSolution
		Debug|Any CPU = Debug|Any CPU
		Release|Any CPU = Release|Any CPU
	EndGlobalSection
	GlobalSection(ProjectConfigurationPlatforms) = postSolution
		{5487165B-BDBB-4FE7-A198-944450990CBF}.Debug|Any CPU.ActiveCfg = Debug|Any CPU
		{5487165B-BDBB-4FE7-A198-944450990CBF}.Debug|Any CPU.Build.0 = Debug|Any CPU
		{5487165B-BDBB-4FE7-A198-944450990CBF}.Release|Any CPU.ActiveCfg = Release|Any CPU
		{5487165B-BDBB-4FE7-A198-944450990CBF}.Release|Any CPU.Build.0 = Release|Any CPU
		{F233AF77-C8D5-4955-93CA-345E70286AAA}.Debug|Any CPU.ActiveCfg = Debug|Any CPU
		{F233AF77-C8D5-4955-93CA-345E70286AAA}.Debug|Any CPU.Build.0 = Debug|Any CPU
		{F233AF77-C8D5-4955-93CA-345E70286AAA}.Release|Any CPU.ActiveCfg = Release|Any CPU
		{F233AF77-C8D5-4955-93CA-345E70286AAA}.Release|Any CPU.Build.0 = Release|Any CPU
		{C6E367F7-36B0-48C0-B66F-667D930A6F09}.Debug|Any CPU.ActiveCfg = Debug|Any CPU
		{C6E367F7-36B0-48C0-B66F-667D930A6F09}.Debug|Any CPU.Build.0 = Debug|Any CPU
		{C6E367F7-36B0-48C0-B66F-667D930A6F09}.Release|Any CPU.ActiveCfg = Release|Any CPU
		{C6E367F7-36B0-48C0-B66F-667D930A6F09}.Release|Any CPU.Build.0 = Release|Any CPU
	EndGlobalSection
	GlobalSection(SolutionProperties) = preSolution
		HideSolutionNode = FALSE
	EndGlobalSection
	GlobalSection(ExtensibilityGlobals) = postSolution
		SolutionGuid = {F8B34A6A-9302-4CCC-AB37-D3F136549FD3}
	EndGlobalSection
EndGlobal
